
Microsoft Visual Studio Solution File, Format Version 12.00
Project("{FAE04EC0-301F-11D3-BF4B-00C04F79EFBC}") = "Lombok", "Lombok\Lombok.csproj", "{1679521D-14B3-4F79-9461-DB2487E62C36}"
EndProject
Project("{FAE04EC0-301F-11D3-BF4B-00C04F79EFBC}") = "Lombok.Test", "Lombok.Test\Lombok.Test.csproj", "{2032ADAA-8EAF-4C04-A509-236D3DDCE0FE}"
EndProject
Project("{FAE04EC0-301F-11D3-BF4B-00C04F79EFBC}") = "Lombok3", "Lombok3\Lombok3.csproj", "{536EE48D-4F1E-430D-8FE9-19A0DF1073E6}"
EndProject
Global
	GlobalSection(SolutionConfigurationPlatforms) = preSolution
		Debug|Any CPU = Debug|Any CPU
		Release|Any CPU = Release|Any CPU
	EndGlobalSection
	GlobalSection(ProjectConfigurationPlatforms) = postSolution
		{1679521D-14B3-4F79-9461-DB2487E62C36}.Debug|Any CPU.ActiveCfg = Debug|Any CPU
		{1679521D-14B3-4F79-9461-DB2487E62C36}.Debug|Any CPU.Build.0 = Debug|Any CPU
		{1679521D-14B3-4F79-9461-DB2487E62C36}.Release|Any CPU.ActiveCfg = Release|Any CPU
		{1679521D-14B3-4F79-9461-DB2487E62C36}.Release|Any CPU.Build.0 = Release|Any CPU
		{2032ADAA-8EAF-4C04-A509-236D3DDCE0FE}.Debug|Any CPU.ActiveCfg = Debug|Any CPU
		{2032ADAA-8EAF-4C04-A509-236D3DDCE0FE}.Debug|Any CPU.Build.0 = Debug|Any CPU
		{2032ADAA-8EAF-4C04-A509-236D3DDCE0FE}.Release|Any CPU.ActiveCfg = Release|Any CPU
		{2032ADAA-8EAF-4C04-A509-236D3DDCE0FE}.Release|Any CPU.Build.0 = Release|Any CPU
		{536EE48D-4F1E-430D-8FE9-19A0DF1073E6}.Debug|Any CPU.ActiveCfg = Debug|Any CPU
		{536EE48D-4F1E-430D-8FE9-19A0DF1073E6}.Debug|Any CPU.Build.0 = Debug|Any CPU
		{536EE48D-4F1E-430D-8FE9-19A0DF1073E6}.Release|Any CPU.ActiveCfg = Release|Any CPU
		{536EE48D-4F1E-430D-8FE9-19A0DF1073E6}.Release|Any CPU.Build.0 = Release|Any CPU
	EndGlobalSection
EndGlobal
